
Microsoft Visual Studio Solution File, Format Version 12.00
# Visual Studio Version 17
VisualStudioVersion = 17.14.37111.16 d17.14
MinimumVisualStudioVersion = 10.0.40219.1
Project("{FAE04EC0-301F-11D3-BF4B-00C04F79EFBC}") = "SDSoft_Ver0.0.8.6", "SDSoft_Ver0.0.8.6.csproj", "{80A9F0F2-FA3B-B310-94BF-1AA88DE686D4}"
EndProject
Global
	GlobalSection(SolutionConfigurationPlatforms) = preSolution
		Debug|Any CPU = Debug|Any CPU
		Release|Any CPU = Release|Any CPU
	EndGlobalSection
	GlobalSection(ProjectConfigurationPlatforms) = postSolution
		{80A9F0F2-FA3B-B310-94BF-1AA88DE686D4}.Debug|Any CPU.ActiveCfg = Debug|Any CPU
		{80A9F0F2-FA3B-B310-94BF-1AA88DE686D4}.Debug|Any CPU.Build.0 = Debug|Any CPU
		{80A9F0F2-FA3B-B310-94BF-1AA88DE686D4}.Release|Any CPU.ActiveCfg = Release|Any CPU
		{80A9F0F2-FA3B-B310-94BF-1AA88DE686D4}.Release|Any CPU.Build.0 = Release|Any CPU
	EndGlobalSection
	GlobalSection(SolutionProperties) = preSolution
		HideSolutionNode = FALSE
	EndGlobalSection
	GlobalSection(ExtensibilityGlobals) = postSolution
		SolutionGuid = {64563E28-04AC-433E-8F66-AF476B60382F}
	EndGlobalSection
EndGlobal
